// !$*UTF8*$!
{
	archiveVersion = 1;
	classes = {
	};
	objectVersion = 55;
	objects = {

/* Begin PBXBuildFile section */
		6F8CF9E428B063140059181B /* AppDelegate.swift in Sources */ = {isa = PBXBuildFile; fileRef = 6F8CF9E328B063140059181B /* AppDelegate.swift */; };
		6F8CF9E628B063140059181B /* SceneDelegate.swift in Sources */ = {isa = PBXBuildFile; fileRef = 6F8CF9E528B063140059181B /* SceneDelegate.swift */; };
		6F8CF9E828B063140059181B /* ViewController.swift in Sources */ = {isa = PBXBuildFile; fileRef = 6F8CF9E728B063140059181B /* ViewController.swift */; };
		6F8CF9EB28B063140059181B /* Main.storyboard in Resources */ = {isa = PBXBuildFile; fileRef = 6F8CF9E928B063140059181B /* Main.storyboard */; };
		6F8CF9ED28B063160059181B /* Assets.xcassets in Resources */ = {isa = PBXBuildFile; fileRef = 6F8CF9EC28B063160059181B /* Assets.xcassets */; };
		6F8CF9F028B063160059181B /* LaunchScreen.storyboard in Resources */ = {isa = PBXBuildFile; fileRef = 6F8CF9EE28B063160059181B /* LaunchScreen.storyboard */; };
		6F8CFA2928B082150059181B /* demo.mp3 in Resources */ = {isa = PBXBuildFile; fileRef = 6F8CFA2828B082150059181B /* demo.mp3 */; };
		6F8CFA2B28B0C6490059181B /* demo.jpeg in Resources */ = {isa = PBXBuildFile; fileRef = 6F8CFA2A28B0C6490059181B /* demo.jpeg */; };
		6F8CFA2D28B1B57B0059181B /* CompassViewController.swift in Sources */ = {isa = PBXBuildFile; fileRef = 6F8CFA2C28B1B57B0059181B /* CompassViewController.swift */; };
/* End PBXBuildFile section */

/* Begin PBXFileReference section */
		6F8CF9E028B063140059181B /* Practise Application.app */ = {isa = PBXFileReference; explicitFileType = wrapper.application; includeInIndex = 0; path = "Practise Application.app"; sourceTree = BUILT_PRODUCTS_DIR; };
		6F8CF9E328B063140059181B /* AppDelegate.swift */ = {isa = PBXFileReference; lastKnownFileType = sourcecode.swift; path = AppDelegate.swift; sourceTree = "<group>"; };
		6F8CF9E528B063140059181B /* SceneDelegate.swift */ = {isa = PBXFileReference; lastKnownFileType = sourcecode.swift; path = SceneDelegate.swift; sourceTree = "<group>"; };
		6F8CF9E728B063140059181B /* ViewController.swift */ = {isa = PBXFileReference; lastKnownFileType = sourcecode.swift; path = ViewController.swift; sourceTree = "<group>"; };
		6F8CF9EA28B063140059181B /* Base */ = {isa = PBXFileReference; lastKnownFileType = file.storyboard; name = Base; path = Base.lproj/Main.storyboard; sourceTree = "<group>"; };
		6F8CF9EC28B063160059181B /* Assets.xcassets */ = {isa = PBXFileReference; lastKnownFileType = folder.assetcatalog; path = Assets.xcassets; sourceTree = "<group>"; };
		6F8CF9EF28B063160059181B /* Base */ = {isa = PBXFileReference; lastKnownFileType = file.storyboard; name = Base; path = Base.lproj/LaunchScreen.storyboard; sourceTree = "<group>"; };
		6F8CF9F128B063160059181B /* Info.plist */ = {isa = PBXFileReference; lastKnownFileType = text.plist.xml; path = Info.plist; sourceTree = "<group>"; };
		6F8CF9FA28B06A620059181B /* zh-Hant */ = {isa = PBXFileReference; lastKnownFileType = text.plist.strings; name = "zh-Hant"; path = "zh-Hant.lproj/LaunchScreen.strings"; sourceTree = "<group>"; };
		6F8CFA0028B06B000059181B /* zh-Hant */ = {isa = PBXFileReference; lastKnownFileType = text.plist.strings; name = "zh-Hant"; path = "zh-Hant.lproj/Main.strings"; sourceTree = "<group>"; };
		6F8CFA0428B06B9D0059181B /* en */ = {isa = PBXFileReference; lastKnownFileType = text.plist.strings; name = en; path = en.lproj/Main.strings; sourceTree = "<group>"; };
		6F8CFA2828B082150059181B /* demo.mp3 */ = {isa = PBXFileReference; lastKnownFileType = audio.mp3; path = demo.mp3; sourceTree = "<group>"; };
		6F8CFA2A28B0C6490059181B /* demo.jpeg */ = {isa = PBXFileReference; lastKnownFileType = image.jpeg; path = demo.jpeg; sourceTree = "<group>"; };
		6F8CFA2C28B1B57B0059181B /* CompassViewController.swift */ = {isa = PBXFileReference; lastKnownFileType = sourcecode.swift; name = CompassViewController.swift; path = "Practise Application/CompassViewController.swift"; sourceTree = SOURCE_ROOT; };
/* End PBXFileReference section */

/* Begin PBXFrameworksBuildPhase section */
		6F8CF9DD28B063140059181B /* Frameworks */ = {
			isa = PBXFrameworksBuildPhase;
			buildActionMask = 2147483647;
			files = (
			);
			runOnlyForDeploymentPostprocessing = 0;
		};
/* End PBXFrameworksBuildPhase section */

/* Begin PBXGroup section */
		6F8CF9D728B063140059181B = {
			isa = PBXGroup;
			children = (
				6F8CF9E228B063140059181B /* Practise Application */,
				6F8CF9E128B063140059181B /* Products */,
			);
			sourceTree = "<group>";
		};
		6F8CF9E128B063140059181B /* Products */ = {
			isa = PBXGroup;
			children = (
				6F8CF9E028B063140059181B /* Practise Application.app */,
			);
			name = Products;
			sourceTree = "<group>";
		};
		6F8CF9E228B063140059181B /* Practise Application */ = {
			isa = PBXGroup;
			children = (
				6F8CFA2528B077260059181B /* Music */,
				6F8CF9E328B063140059181B /* AppDelegate.swift */,
				6F8CFA2C28B1B57B0059181B /* CompassViewController.swift */,
				6F8CF9E528B063140059181B /* SceneDelegate.swift */,
				6F8CF9E728B063140059181B /* ViewController.swift */,
				6F8CF9E928B063140059181B /* Main.storyboard */,
				6F8CF9EC28B063160059181B /* Assets.xcassets */,
				6F8CF9EE28B063160059181B /* LaunchScreen.storyboard */,
				6F8CF9F128B063160059181B /* Info.plist */,
				6F8CFA2A28B0C6490059181B /* demo.jpeg */,
			);
			path = "Practise Application";
			sourceTree = "<group>";
		};
		6F8CFA2528B077260059181B /* Music */ = {
			isa = PBXGroup;
			children = (
				6F8CFA2828B082150059181B /* demo.mp3 */,
			);
			path = Music;
			sourceTree = "<group>";
		};
/* End PBXGroup section */

/* Begin PBXNativeTarget section */
		6F8CF9DF28B063140059181B /* Practise Application */ = {
			isa = PBXNativeTarget;
			buildConfigurationList = 6F8CF9F428B063160059181B /* Build configuration list for PBXNativeTarget "Practise Application" */;
			buildPhases = (
				6F8CF9DC28B063140059181B /* Sources */,
				6F8CF9DD28B063140059181B /* Frameworks */,
				6F8CF9DE28B063140059181B /* Resources */,
			);
			buildRules = (
			);
			dependencies = (
			);
			name = "Practise Application";
			productName = "Practise Application";
			productReference = 6F8CF9E028B063140059181B /* Practise Application.app */;
			productType = "com.apple.product-type.application";
		};
/* End PBXNativeTarget section */

/* Begin PBXProject section */
		6F8CF9D828B063140059181B /* Project object */ = {
			isa = PBXProject;
			attributes = {
				BuildIndependentTargetsInParallel = 1;
				LastSwiftUpdateCheck = 1340;
				LastUpgradeCheck = 1340;
				TargetAttributes = {
					6F8CF9DF28B063140059181B = {
						CreatedOnToolsVersion = 13.4.1;
					};
				};
			};
			buildConfigurationList = 6F8CF9DB28B063140059181B /* Build configuration list for PBXProject "Practise Application" */;
			compatibilityVersion = "Xcode 13.0";
			developmentRegion = en;
			hasScannedForEncodings = 0;
			knownRegions = (
				en,
				Base,
				"zh-Hant",
			);
			mainGroup = 6F8CF9D728B063140059181B;
			productRefGroup = 6F8CF9E128B063140059181B /* Products */;
			projectDirPath = "";
			projectRoot = "";
			targets = (
				6F8CF9DF28B063140059181B /* Practise Application */,
			);
		};
/* End PBXProject section */

/* Begin PBXResourcesBuildPhase section */
		6F8CF9DE28B063140059181B /* Resources */ = {
			isa = PBXResourcesBuildPhase;
			buildActionMask = 2147483647;
			files = (
				6F8CFA2B28B0C6490059181B /* demo.jpeg in Resources */,
				6F8CF9F028B063160059181B /* LaunchScreen.storyboard in Resources */,
				6F8CF9ED28B063160059181B /* Assets.xcassets in Resources */,
				6F8CF9EB28B063140059181B /* Main.storyboard in Resources */,
				6F8CFA2928B082150059181B /* demo.mp3 in Resources */,
			);
			runOnlyForDeploymentPostprocessing = 0;
		};
/* End PBXResourcesBuildPhase section */

/* Begin PBXSourcesBuildPhase section */
		6F8CF9DC28B063140059181B /* Sources */ = {
			isa = PBXSourcesBuildPhase;
			buildActionMask = 2147483647;
			files = (
				6F8CF9E828B063140059181B /* ViewController.swift in Sources */,
				6F8CF9E428B063140059181B /* AppDelegate.swift in Sources */,
				6F8CF9E628B063140059181B /* SceneDelegate.swift in Sources */,
				6F8CFA2D28B1B57B0059181B /* CompassViewController.swift in Sources */,
			);
			runOnlyForDeploymentPostprocessing = 0;
		};
/* End PBXSourcesBuildPhase section */

/* Begin PBXVariantGroup section */
		6F8CF9E928B063140059181B /* Main.storyboard */ = {
			isa = PBXVariantGroup;
			children = (
				6F8CF9EA28B063140059181B /* Base */,
				6F8CFA0028B06B000059181B /* zh-Hant */,
				6F8CFA0428B06B9D0059181B /* en */,
			);
			name = Main.storyboard;
			sourceTree = "<group>";
		};
		6F8CF9EE28B063160059181B /* LaunchScreen.storyboard */ = {
			isa = PBXVariantGroup;
			children = (
				6F8CF9EF28B063160059181B /* Base */,
				6F8CF9FA28B06A620059181B /* zh-Hant */,
			);
			name = LaunchScreen.storyboard;
			sourceTree = "<group>";
		};
/* End PBXVariantGroup section */

/* Begin XCBuildConfiguration section */
		6F8CF9F228B063160059181B /* Debug */ = {
			isa = XCBuildConfiguration;
			buildSettings = {
				ALWAYS_SEARCH_USER_PATHS = NO;
				CLANG_ANALYZER_LOCALIZABILITY_NONLOCALIZED = YES;
				CLANG_ANALYZER_NONNULL = YES;
				CLANG_ANALYZER_NUMBER_OBJECT_CONVERSION = YES_AGGRESSIVE;
				CLANG_CXX_LANGUAGE_STANDARD = "gnu++17";
				CLANG_ENABLE_MODULES = YES;
				CLANG_ENABLE_OBJC_ARC = YES;
				CLANG_ENABLE_OBJC_WEAK = YES;
				CLANG_WARN_BLOCK_CAPTURE_AUTORELEASING = YES;
				CLANG_WARN_BOOL_CONVERSION = YES;
				CLANG_WARN_COMMA = YES;
				CLANG_WARN_CONSTANT_CONVERSION = YES;
				CLANG_WARN_DEPRECATED_OBJC_IMPLEMENTATIONS = YES;
				CLANG_WARN_DIRECT_OBJC_ISA_USAGE = YES_ERROR;
				CLANG_WARN_DOCUMENTATION_COMMENTS = YES;
				CLANG_WARN_EMPTY_BODY = YES;
				CLANG_WARN_ENUM_CONVERSION = YES;
				CLANG_WARN_INFINITE_RECURSION = YES;
				CLANG_WARN_INT_CONVERSION = YES;
				CLANG_WARN_NON_LITERAL_NULL_CONVERSION = YES;
				CLANG_WARN_OBJC_IMPLICIT_RETAIN_SELF = YES;
				CLANG_WARN_OBJC_LITERAL_CONVERSION = YES;
				CLANG_WARN_OBJC_ROOT_CLASS = YES_ERROR;
				CLANG_WARN_QUOTED_INCLUDE_IN_FRAMEWORK_HEADER = YES;
				CLANG_WARN_RANGE_LOOP_ANALYSIS = YES;
				CLANG_WARN_STRICT_PROTOTYPES = YES;
				CLANG_WARN_SUSPICIOUS_MOVE = YES;
				CLANG_WARN_UNGUARDED_AVAILABILITY = YES_AGGRESSIVE;
				CLANG_WARN_UNREACHABLE_CODE = YES;
				CLANG_WARN__DUPLICATE_METHOD_MATCH = YES;
				COPY_PHASE_STRIP = NO;
				DEBUG_INFORMATION_FORMAT = dwarf;
				ENABLE_STRICT_OBJC_MSGSEND = YES;
				ENABLE_TESTABILITY = YES;
				GCC_C_LANGUAGE_STANDARD = gnu11;
				GCC_DYNAMIC_NO_PIC = NO;
				GCC_NO_COMMON_BLOCKS = YES;
				GCC_OPTIMIZATION_LEVEL = 0;
				GCC_PREPROCESSOR_DEFINITIONS = (
					"DEBUG=1",
					"$(inherited)",
				);
				GCC_WARN_64_TO_32_BIT_CONVERSION = YES;
				GCC_WARN_ABOUT_RETURN_TYPE = YES_ERROR;
				GCC_WARN_UNDECLARED_SELECTOR = YES;
				GCC_WARN_UNINITIALIZED_AUTOS = YES_AGGRESSIVE;
				GCC_WARN_UNUSED_FUNCTION = YES;
				GCC_WARN_UNUSED_VARIABLE = YES;
				IPHONEOS_DEPLOYMENT_TARGET = 15.5;
				MTL_ENABLE_DEBUG_INFO = INCLUDE_SOURCE;
				MTL_FAST_MATH = YES;
				ONLY_ACTIVE_ARCH = YES;
				SDKROOT = iphoneos;
				SWIFT_ACTIVE_COMPILATION_CONDITIONS = DEBUG;
				SWIFT_OPTIMIZATION_LEVEL = "-Onone";
			};
			name = Debug;
		};
		6F8CF9F328B063160059181B /* Release */ = {
			isa = XCBuildConfiguration;
			buildSettings = {
				ALWAYS_SEARCH_USER_PATHS = NO;
				CLANG_ANALYZER_LOCALIZABILITY_NONLOCALIZED = YES;
				CLANG_ANALYZER_NONNULL = YES;
				CLANG_ANALYZER_NUMBER_OBJECT_CONVERSION = YES_AGGRESSIVE;
				CLANG_CXX_LANGUAGE_STANDARD = "gnu++17";
				CLANG_ENABLE_MODULES = YES;
				CLANG_ENABLE_OBJC_ARC = YES;
				CLANG_ENABLE_OBJC_WEAK = YES;
				CLANG_WARN_BLOCK_CAPTURE_AUTORELEASING = YES;
				CLANG_WARN_BOOL_CONVERSION = YES;
				CLANG_WARN_COMMA = YES;
				CLANG_WARN_CONSTANT_CONVERSION = YES;
				CLANG_WARN_DEPRECATED_OBJC_IMPLEMENTATIONS = YES;
				CLANG_WARN_DIRECT_OBJC_ISA_USAGE = YES_ERROR;
				CLANG_WARN_DOCUMENTATION_COMMENTS = YES;
				CLANG_WARN_EMPTY_BODY = YES;
				CLANG_WARN_ENUM_CONVERSION = YES;
				CLANG_WARN_INFINITE_RECURSION = YES;
				CLANG_WARN_INT_CONVERSION = YES;
				CLANG_WARN_NON_LITERAL_NULL_CONVERSION = YES;
				CLANG_WARN_OBJC_IMPLICIT_RETAIN_SELF = YES;
				CLANG_WARN_OBJC_LITERAL_CONVERSION = YES;
				CLANG_WARN_OBJC_ROOT_CLASS = YES_ERROR;
				CLANG_WARN_QUOTED_INCLUDE_IN_FRAMEWORK_HEADER = YES;
				CLANG_WARN_RANGE_LOOP_ANALYSIS = YES;
				CLANG_WARN_STRICT_PROTOTYPES = YES;
				CLANG_WARN_SUSPICIOUS_MOVE = YES;
				CLANG_WARN_UNGUARDED_AVAILABILITY = YES_AGGRESSIVE;
				CLANG_WARN_UNREACHABLE_CODE = YES;
				CLANG_WARN__DUPLICATE_METHOD_MATCH = YES;
				COPY_PHASE_STRIP = NO;
				DEBUG_INFORMATION_FORMAT = "dwarf-with-dsym";
				ENABLE_NS_ASSERTIONS = NO;
				ENABLE_STRICT_OBJC_MSGSEND = YES;
				GCC_C_LANGUAGE_STANDARD = gnu11;
				GCC_NO_COMMON_BLOCKS = YES;
				GCC_WARN_64_TO_32_BIT_CONVERSION = YES;
				GCC_WARN_ABOUT_RETURN_TYPE = YES_ERROR;
				GCC_WARN_UNDECLARED_SELECTOR = YES;
				GCC_WARN_UNINITIALIZED_AUTOS = YES_AGGRESSIVE;
				GCC_WARN_UNUSED_FUNCTION = YES;
				GCC_WARN_UNUSED_VARIABLE = YES;
				IPHONEOS_DEPLOYMENT_TARGET = 15.5;
				MTL_ENABLE_DEBUG_INFO = NO;
				MTL_FAST_MATH = YES;
				SDKROOT = iphoneos;
				SWIFT_COMPILATION_MODE = wholemodule;
				SWIFT_OPTIMIZATION_LEVEL = "-O";
				VALIDATE_PRODUCT = YES;
			};
			name = Release;
		};
		6F8CF9F528B063160059181B /* Debug */ = {
			isa = XCBuildConfiguration;
			buildSettings = {
				ASSETCATALOG_COMPILER_APPICON_NAME = AppIcon;
				ASSETCATALOG_COMPILER_GLOBAL_ACCENT_COLOR_NAME = AccentColor;
				CODE_SIGN_STYLE = Automatic;
				CURRENT_PROJECT_VERSION = 1;
				DEVELOPMENT_TEAM = 72QP2FGS73;
				GENERATE_INFOPLIST_FILE = YES;
				INFOPLIST_FILE = "Practise Application/Info.plist";
				INFOPLIST_KEY_UIApplicationSupportsIndirectInputEvents = YES;
				INFOPLIST_KEY_UILaunchStoryboardName = LaunchScreen;
				INFOPLIST_KEY_UIMainStoryboardFile = Main;
				INFOPLIST_KEY_UISupportedInterfaceOrientations_iPad = "UIInterfaceOrientationPortrait UIInterfaceOrientationPortraitUpsideDown UIInterfaceOrientationLandscapeLeft UIInterfaceOrientationLandscapeRight";
				INFOPLIST_KEY_UISupportedInterfaceOrientations_iPhone = "UIInterfaceOrientationPortrait UIInterfaceOrientationLandscapeLeft UIInterfaceOrientationLandscapeRight";
				IPHONEOS_DEPLOYMENT_TARGET = 14.2;
				LD_RUNPATH_SEARCH_PATHS = (
					"$(inherited)",
					"@executable_path/Frameworks",
				);
				MARKETING_VERSION = 1.0;
				PRODUCT_BUNDLE_IDENTIFIER = "com.SeiElikA.Practise-Application";
				PRODUCT_NAME = "$(TARGET_NAME)";
				SWIFT_EMIT_LOC_STRINGS = YES;
				SWIFT_VERSION = 5.0;
				TARGETED_DEVICE_FAMILY = "1,2";
			};
			name = Debug;
		};
		6F8CF9F628B063160059181B /* Release */ = {
			isa = XCBuildConfiguration;
			buildSettings = {
				ASSETCATALOG_COMPILER_APPICON_NAME = AppIcon;
				ASSETCATALOG_COMPILER_GLOBAL_ACCENT_COLOR_NAME = AccentColor;
				CODE_SIGN_STYLE = Automatic;
				CURRENT_PROJECT_VERSION = 1;
				DEVELOPMENT_TEAM = 72QP2FGS73;
				GENERATE_INFOPLIST_FILE = YES;
				INFOPLIST_FILE = "Practise Application/Info.plist";
				INFOPLIST_KEY_UIApplicationSupportsIndirectInputEvents = YES;
				INFOPLIST_KEY_UILaunchStoryboardName = LaunchScreen;
				INFOPLIST_KEY_UIMainStoryboardFile = Main;
				INFOPLIST_KEY_UISupportedInterfaceOrientations_iPad = "UIInterfaceOrientationPortrait UIInterfaceOrientationPortraitUpsideDown UIInterfaceOrientationLandscapeLeft UIInterfaceOrientationLandscapeRight";
				INFOPLIST_KEY_UISupportedInterfaceOrientations_iPhone = "UIInterfaceOrientationPortrait UIInterfaceOrientationLandscapeLeft UIInterfaceOrientationLandscapeRight";
				IPHONEOS_DEPLOYMENT_TARGET = 14.2;
				LD_RUNPATH_SEARCH_PATHS = (
					"$(inherited)",
					"@executable_path/Frameworks",
				);
				MARKETING_VERSION = 1.0;
				PRODUCT_BUNDLE_IDENTIFIER = "com.SeiElikA.Practise-Application";
				PRODUCT_NAME = "$(TARGET_NAME)";
				SWIFT_EMIT_LOC_STRINGS = YES;
				SWIFT_VERSION = 5.0;
				TARGETED_DEVICE_FAMILY = "1,2";
			};
			name = Release;
		};
/* End XCBuildConfiguration section */

/* Begin XCConfigurationList section */
		6F8CF9DB28B063140059181B /* Build configuration list for PBXProject "Practise Application" */ = {
			isa = XCConfigurationList;
			buildConfigurations = (
				6F8CF9F228B063160059181B /* Debug */,
				6F8CF9F328B063160059181B /* Release */,
			);
			defaultConfigurationIsVisible = 0;
			defaultConfigurationName = Release;
		};
		6F8CF9F428B063160059181B /* Build configuration list for PBXNativeTarget "Practise Application" */ = {
			isa = XCConfigurationList;
			buildConfigurations = (
				6F8CF9F528B063160059181B /* Debug */,
				6F8CF9F628B063160059181B /* Release */,
			);
			defaultConfigurationIsVisible = 0;
			defaultConfigurationName = Release;
		};
/* End XCConfigurationList section */
	};
	rootObject = 6F8CF9D828B063140059181B /* Project object */;
}
